PODS:
  - MBProgressHUD (0.9.2)
  - POPLib (0.1.61):
    - MBProgressHUD (~> 0.9)
  - POPWelcomeVC (0.1.0):
    - POPLib (~> 0.1)

DEPENDENCIES:
  - POPWelcomeVC (from `../`)

EXTERNAL SOURCES:
  POPWelcomeVC:
    :path: ../

SPEC CHECKSUMS:
  MBProgressHUD: 1569cf7ace17a8bac47aabfbb8580a49690386d1
  POPLib: bef50b9b1841df80fda2382690c87926143da17c
  POPWelcomeVC: c76fd9c3878463e3201a74f2e19902f8135bfabc

COCOAPODS: 0.39.0
