PODS:
  - FontAwesomeKit (2.2.1):
    - FontAwesomeKit/Core (= 2.2.1)
    - FontAwesomeKit/FontAwesome (= 2.2.1)
    - FontAwesomeKit/FoundationIcons (= 2.2.1)
    - FontAwesomeKit/IonIcons (= 2.2.1)
    - FontAwesomeKit/Material (= 2.2.1)
    - FontAwesomeKit/Octicons (= 2.2.1)
    - FontAwesomeKit/Zocial (= 2.2.1)
  - FontAwesomeKit/Core (2.2.1)
  - FontAwesomeKit/FontAwesome (2.2.1):
    - FontAwesomeKit/Core
  - FontAwesomeKit/FoundationIcons (2.2.1):
    - FontAwesomeKit/Core
  - FontAwesomeKit/IonIcons (2.2.1):
    - FontAwesomeKit/Core
  - FontAwesomeKit/Material (2.2.1):
    - FontAwesomeKit/Core
  - FontAwesomeKit/Octicons (2.2.1):
    - FontAwesomeKit/Core
  - FontAwesomeKit/Zocial (2.2.1):
    - FontAwesomeKit/Core
  - MBProgressHUD (1.1.0)
  - POPLib (0.4.23):
    - FontAwesomeKit (~> 2.2.0)
    - MBProgressHUD (~> 1.0)
    - PureLayout
  - POPWelcomeVC (0.1.19):
    - POPLib (~> 0.1)
  - PureLayout (3.1.2)

DEPENDENCIES:
  - POPWelcomeVC (from `../`)

SPEC REPOS:
  https://github.com/cocoapods/specs.git:
    - FontAwesomeKit
    - MBProgressHUD
    - POPLib
    - PureLayout

EXTERNAL SOURCES:
  POPWelcomeVC:
    :path: "../"

SPEC CHECKSUMS:
  FontAwesomeKit: 3614979b3dbb0ec3f7fac1bd760b91f66c31db67
  MBProgressHUD: e7baa36a220447d8aeb12769bf0585582f3866d9
  POPLib: 3cde08b1624a0e06d31ac6f6f6234c2656182cbf
  POPWelcomeVC: f83260c90d9f94c29f4d671ea3b64347f555d0ea
  PureLayout: 4634d0b61e3b5021166e8ec7c18e9e0ca0720c8b

PODFILE CHECKSUM: 634d742443f8f6c4d8f812af0b7052a9ef84bd88

COCOAPODS: 1.5.3
